// !$*UTF8*$!
{
	archiveVersion = 1;
	classes = {
	};
	objectVersion = 56;
	objects = {

/* Begin PBXBuildFile section */
		672807382B0A719E00E3DCDC /* ChatApp.swift in Sources */ = {isa = PBXBuildFile; fileRef = 672807372B0A719E00E3DCDC /* ChatApp.swift */; };
		6728073A2B0A719E00E3DCDC /* LoginView.swift in Sources */ = {isa = PBXBuildFile; fileRef = 672807392B0A719E00E3DCDC /* LoginView.swift */; };
		6728073C2B0A719F00E3DCDC /* Assets.xcassets in Resources */ = {isa = PBXBuildFile; fileRef = 6728073B2B0A719F00E3DCDC /* Assets.xcassets */; };
		6728073F2B0A719F00E3DCDC /* Preview Assets.xcassets in Resources */ = {isa = PBXBuildFile; fileRef = 6728073E2B0A719F00E3DCDC /* Preview Assets.xcassets */; };
		672807462B0A7ADA00E3DCDC /* GoogleService-Info.plist in Resources */ = {isa = PBXBuildFile; fileRef = 672807452B0A7ADA00E3DCDC /* GoogleService-Info.plist */; };
		672807492B0A7B6C00E3DCDC /* FirebaseAnalytics in Frameworks */ = {isa = PBXBuildFile; productRef = 672807482B0A7B6C00E3DCDC /* FirebaseAnalytics */; };
		6728074B2B0A7B6C00E3DCDC /* FirebaseAnalyticsOnDeviceConversion in Frameworks */ = {isa = PBXBuildFile; productRef = 6728074A2B0A7B6C00E3DCDC /* FirebaseAnalyticsOnDeviceConversion */; };
		6728074D2B0A7B6C00E3DCDC /* FirebaseAnalyticsSwift in Frameworks */ = {isa = PBXBuildFile; productRef = 6728074C2B0A7B6C00E3DCDC /* FirebaseAnalyticsSwift */; };
		6728074F2B0A7B6C00E3DCDC /* FirebaseAnalyticsWithoutAdIdSupport in Frameworks */ = {isa = PBXBuildFile; productRef = 6728074E2B0A7B6C00E3DCDC /* FirebaseAnalyticsWithoutAdIdSupport */; };
		672807512B0A7B6C00E3DCDC /* FirebaseAppCheck in Frameworks */ = {isa = PBXBuildFile; productRef = 672807502B0A7B6C00E3DCDC /* FirebaseAppCheck */; };
		672807532B0A7B6C00E3DCDC /* FirebaseAppDistribution-Beta in Frameworks */ = {isa = PBXBuildFile; productRef = 672807522B0A7B6C00E3DCDC /* FirebaseAppDistribution-Beta */; };
		672807552B0A7B6C00E3DCDC /* FirebaseAuth in Frameworks */ = {isa = PBXBuildFile; productRef = 672807542B0A7B6C00E3DCDC /* FirebaseAuth */; };
		672807572B0A7B6C00E3DCDC /* FirebaseAuthCombine-Community in Frameworks */ = {isa = PBXBuildFile; productRef = 672807562B0A7B6C00E3DCDC /* FirebaseAuthCombine-Community */; };
		672807592B0A7B6C00E3DCDC /* FirebaseCrashlytics in Frameworks */ = {isa = PBXBuildFile; productRef = 672807582B0A7B6C00E3DCDC /* FirebaseCrashlytics */; };
		6728075B2B0A7B6C00E3DCDC /* FirebaseDatabase in Frameworks */ = {isa = PBXBuildFile; productRef = 6728075A2B0A7B6C00E3DCDC /* FirebaseDatabase */; };
		6728075D2B0A7B6C00E3DCDC /* FirebaseDatabaseSwift in Frameworks */ = {isa = PBXBuildFile; productRef = 6728075C2B0A7B6C00E3DCDC /* FirebaseDatabaseSwift */; };
		6728075F2B0A7B6C00E3DCDC /* FirebaseDynamicLinks in Frameworks */ = {isa = PBXBuildFile; productRef = 6728075E2B0A7B6C00E3DCDC /* FirebaseDynamicLinks */; };
		672807612B0A7B6C00E3DCDC /* FirebaseFirestore in Frameworks */ = {isa = PBXBuildFile; productRef = 672807602B0A7B6C00E3DCDC /* FirebaseFirestore */; };
		672807632B0A7B6C00E3DCDC /* FirebaseFirestoreCombine-Community in Frameworks */ = {isa = PBXBuildFile; productRef = 672807622B0A7B6C00E3DCDC /* FirebaseFirestoreCombine-Community */; };
		672807652B0A7B6C00E3DCDC /* FirebaseFirestoreSwift in Frameworks */ = {isa = PBXBuildFile; productRef = 672807642B0A7B6C00E3DCDC /* FirebaseFirestoreSwift */; };
		672807672B0A7B6C00E3DCDC /* FirebaseFunctions in Frameworks */ = {isa = PBXBuildFile; productRef = 672807662B0A7B6C00E3DCDC /* FirebaseFunctions */; };
		672807692B0A7B6C00E3DCDC /* FirebaseFunctionsCombine-Community in Frameworks */ = {isa = PBXBuildFile; productRef = 672807682B0A7B6C00E3DCDC /* FirebaseFunctionsCombine-Community */; };
		6728076B2B0A7B6C00E3DCDC /* FirebaseInAppMessaging-Beta in Frameworks */ = {isa = PBXBuildFile; productRef = 6728076A2B0A7B6C00E3DCDC /* FirebaseInAppMessaging-Beta */; };
		6728076D2B0A7B6C00E3DCDC /* FirebaseInAppMessagingSwift-Beta in Frameworks */ = {isa = PBXBuildFile; productRef = 6728076C2B0A7B6C00E3DCDC /* FirebaseInAppMessagingSwift-Beta */; };
		6728076F2B0A7B6C00E3DCDC /* FirebaseInstallations in Frameworks */ = {isa = PBXBuildFile; productRef = 6728076E2B0A7B6C00E3DCDC /* FirebaseInstallations */; };
		672807712B0A7B6C00E3DCDC /* FirebaseMLModelDownloader in Frameworks */ = {isa = PBXBuildFile; productRef = 672807702B0A7B6C00E3DCDC /* FirebaseMLModelDownloader */; };
		672807732B0A7B6C00E3DCDC /* FirebaseMessaging in Frameworks */ = {isa = PBXBuildFile; productRef = 672807722B0A7B6C00E3DCDC /* FirebaseMessaging */; };
		672807752B0A7B6C00E3DCDC /* FirebasePerformance in Frameworks */ = {isa = PBXBuildFile; productRef = 672807742B0A7B6C00E3DCDC /* FirebasePerformance */; };
		672807772B0A7B6C00E3DCDC /* FirebaseRemoteConfig in Frameworks */ = {isa = PBXBuildFile; productRef = 672807762B0A7B6C00E3DCDC /* FirebaseRemoteConfig */; };
		672807792B0A7B6C00E3DCDC /* FirebaseRemoteConfigSwift in Frameworks */ = {isa = PBXBuildFile; productRef = 672807782B0A7B6C00E3DCDC /* FirebaseRemoteConfigSwift */; };
		6728077B2B0A7B6C00E3DCDC /* FirebaseStorage in Frameworks */ = {isa = PBXBuildFile; productRef = 6728077A2B0A7B6C00E3DCDC /* FirebaseStorage */; };
		6728077D2B0A7B6C00E3DCDC /* FirebaseStorageCombine-Community in Frameworks */ = {isa = PBXBuildFile; productRef = 6728077C2B0A7B6C00E3DCDC /* FirebaseStorageCombine-Community */; };
		672807812B0A7EC200E3DCDC /* ImagePicker.swift in Sources */ = {isa = PBXBuildFile; fileRef = 672807802B0A7EC200E3DCDC /* ImagePicker.swift */; };
/* End PBXBuildFile section */

/* Begin PBXFileReference section */
		672807342B0A719E00E3DCDC /* Chat.app */ = {isa = PBXFileReference; explicitFileType = wrapper.application; includeInIndex = 0; path = Chat.app; sourceTree = BUILT_PRODUCTS_DIR; };
		672807372B0A719E00E3DCDC /* ChatApp.swift */ = {isa = PBXFileReference; lastKnownFileType = sourcecode.swift; path = ChatApp.swift; sourceTree = "<group>"; };
		672807392B0A719E00E3DCDC /* LoginView.swift */ = {isa = PBXFileReference; lastKnownFileType = sourcecode.swift; path = LoginView.swift; sourceTree = "<group>"; };
		6728073B2B0A719F00E3DCDC /* Assets.xcassets */ = {isa = PBXFileReference; lastKnownFileType = folder.assetcatalog; path = Assets.xcassets; sourceTree = "<group>"; };
		6728073E2B0A719F00E3DCDC /* Preview Assets.xcassets */ = {isa = PBXFileReference; lastKnownFileType = folder.assetcatalog; path = "Preview Assets.xcassets"; sourceTree = "<group>"; };
		672807452B0A7ADA00E3DCDC /* GoogleService-Info.plist */ = {isa = PBXFileReference; fileEncoding = 4; lastKnownFileType = text.plist.xml; name = "GoogleService-Info.plist"; path = "../../../Downloads/GoogleService-Info.plist"; sourceTree = "<group>"; };
		672807802B0A7EC200E3DCDC /* ImagePicker.swift */ = {isa = PBXFileReference; lastKnownFileType = sourcecode.swift; path = ImagePicker.swift; sourceTree = "<group>"; };
/* End PBXFileReference section */

/* Begin PBXFrameworksBuildPhase section */
		672807312B0A719E00E3DCDC /* Frameworks */ = {
			isa = PBXFrameworksBuildPhase;
			buildActionMask = 2147483647;
			files = (
				6728075B2B0A7B6C00E3DCDC /* FirebaseDatabase in Frameworks */,
				672807692B0A7B6C00E3DCDC /* FirebaseFunctionsCombine-Community in Frameworks */,
				672807612B0A7B6C00E3DCDC /* FirebaseFirestore in Frameworks */,
				6728074D2B0A7B6C00E3DCDC /* FirebaseAnalyticsSwift in Frameworks */,
				672807492B0A7B6C00E3DCDC /* FirebaseAnalytics in Frameworks */,
				6728074B2B0A7B6C00E3DCDC /* FirebaseAnalyticsOnDeviceConversion in Frameworks */,
				672807712B0A7B6C00E3DCDC /* FirebaseMLModelDownloader in Frameworks */,
				672807652B0A7B6C00E3DCDC /* FirebaseFirestoreSwift in Frameworks */,
				672807512B0A7B6C00E3DCDC /* FirebaseAppCheck in Frameworks */,
				6728074F2B0A7B6C00E3DCDC /* FirebaseAnalyticsWithoutAdIdSupport in Frameworks */,
				672807552B0A7B6C00E3DCDC /* FirebaseAuth in Frameworks */,
				672807592B0A7B6C00E3DCDC /* FirebaseCrashlytics in Frameworks */,
				672807792B0A7B6C00E3DCDC /* FirebaseRemoteConfigSwift in Frameworks */,
				6728076B2B0A7B6C00E3DCDC /* FirebaseInAppMessaging-Beta in Frameworks */,
				6728075D2B0A7B6C00E3DCDC /* FirebaseDatabaseSwift in Frameworks */,
				672807672B0A7B6C00E3DCDC /* FirebaseFunctions in Frameworks */,
				6728077D2B0A7B6C00E3DCDC /* FirebaseStorageCombine-Community in Frameworks */,
				672807772B0A7B6C00E3DCDC /* FirebaseRemoteConfig in Frameworks */,
				672807532B0A7B6C00E3DCDC /* FirebaseAppDistribution-Beta in Frameworks */,
				672807572B0A7B6C00E3DCDC /* FirebaseAuthCombine-Community in Frameworks */,
				672807752B0A7B6C00E3DCDC /* FirebasePerformance in Frameworks */,
				6728076D2B0A7B6C00E3DCDC /* FirebaseInAppMessagingSwift-Beta in Frameworks */,
				6728077B2B0A7B6C00E3DCDC /* FirebaseStorage in Frameworks */,
				6728075F2B0A7B6C00E3DCDC /* FirebaseDynamicLinks in Frameworks */,
				672807632B0A7B6C00E3DCDC /* FirebaseFirestoreCombine-Community in Frameworks */,
				672807732B0A7B6C00E3DCDC /* FirebaseMessaging in Frameworks */,
				6728076F2B0A7B6C00E3DCDC /* FirebaseInstallations in Frameworks */,
			);
			runOnlyForDeploymentPostprocessing = 0;
		};
/* End PBXFrameworksBuildPhase section */

/* Begin PBXGroup section */
		6728072B2B0A719E00E3DCDC = {
			isa = PBXGroup;
			children = (
				672807362B0A719E00E3DCDC /* Chat */,
				672807352B0A719E00E3DCDC /* Products */,
			);
			sourceTree = "<group>";
		};
		672807352B0A719E00E3DCDC /* Products */ = {
			isa = PBXGroup;
			children = (
				672807342B0A719E00E3DCDC /* Chat.app */,
			);
			name = Products;
			sourceTree = "<group>";
		};
		672807362B0A719E00E3DCDC /* Chat */ = {
			isa = PBXGroup;
			children = (
				672807372B0A719E00E3DCDC /* ChatApp.swift */,
				672807392B0A719E00E3DCDC /* LoginView.swift */,
				672807452B0A7ADA00E3DCDC /* GoogleService-Info.plist */,
				6728073B2B0A719F00E3DCDC /* Assets.xcassets */,
				6728073D2B0A719F00E3DCDC /* Preview Content */,
				672807802B0A7EC200E3DCDC /* ImagePicker.swift */,
			);
			path = Chat;
			sourceTree = "<group>";
		};
		6728073D2B0A719F00E3DCDC /* Preview Content */ = {
			isa = PBXGroup;
			children = (
				6728073E2B0A719F00E3DCDC /* Preview Assets.xcassets */,
			);
			path = "Preview Content";
			sourceTree = "<group>";
		};
/* End PBXGroup section */

/* Begin PBXNativeTarget section */
		672807332B0A719E00E3DCDC /* Chat */ = {
			isa = PBXNativeTarget;
			buildConfigurationList = 672807422B0A719F00E3DCDC /* Build configuration list for PBXNativeTarget "Chat" */;
			buildPhases = (
				672807302B0A719E00E3DCDC /* Sources */,
				672807312B0A719E00E3DCDC /* Frameworks */,
				672807322B0A719E00E3DCDC /* Resources */,
			);
			buildRules = (
			);
			dependencies = (
			);
			name = Chat;
			packageProductDependencies = (
				672807482B0A7B6C00E3DCDC /* FirebaseAnalytics */,
				6728074A2B0A7B6C00E3DCDC /* FirebaseAnalyticsOnDeviceConversion */,
				6728074C2B0A7B6C00E3DCDC /* FirebaseAnalyticsSwift */,
				6728074E2B0A7B6C00E3DCDC /* FirebaseAnalyticsWithoutAdIdSupport */,
				672807502B0A7B6C00E3DCDC /* FirebaseAppCheck */,
				672807522B0A7B6C00E3DCDC /* FirebaseAppDistribution-Beta */,
				672807542B0A7B6C00E3DCDC /* FirebaseAuth */,
				672807562B0A7B6C00E3DCDC /* FirebaseAuthCombine-Community */,
				672807582B0A7B6C00E3DCDC /* FirebaseCrashlytics */,
				6728075A2B0A7B6C00E3DCDC /* FirebaseDatabase */,
				6728075C2B0A7B6C00E3DCDC /* FirebaseDatabaseSwift */,
				6728075E2B0A7B6C00E3DCDC /* FirebaseDynamicLinks */,
				672807602B0A7B6C00E3DCDC /* FirebaseFirestore */,
				672807622B0A7B6C00E3DCDC /* FirebaseFirestoreCombine-Community */,
				672807642B0A7B6C00E3DCDC /* FirebaseFirestoreSwift */,
				672807662B0A7B6C00E3DCDC /* FirebaseFunctions */,
				672807682B0A7B6C00E3DCDC /* FirebaseFunctionsCombine-Community */,
				6728076A2B0A7B6C00E3DCDC /* FirebaseInAppMessaging-Beta */,
				6728076C2B0A7B6C00E3DCDC /* FirebaseInAppMessagingSwift-Beta */,
				6728076E2B0A7B6C00E3DCDC /* FirebaseInstallations */,
				672807702B0A7B6C00E3DCDC /* FirebaseMLModelDownloader */,
				672807722B0A7B6C00E3DCDC /* FirebaseMessaging */,
				672807742B0A7B6C00E3DCDC /* FirebasePerformance */,
				672807762B0A7B6C00E3DCDC /* FirebaseRemoteConfig */,
				672807782B0A7B6C00E3DCDC /* FirebaseRemoteConfigSwift */,
				6728077A2B0A7B6C00E3DCDC /* FirebaseStorage */,
				6728077C2B0A7B6C00E3DCDC /* FirebaseStorageCombine-Community */,
			);
			productName = Chat;
			productReference = 672807342B0A719E00E3DCDC /* Chat.app */;
			productType = "com.apple.product-type.application";
		};
/* End PBXNativeTarget section */

/* Begin PBXProject section */
		6728072C2B0A719E00E3DCDC /* Project object */ = {
			isa = PBXProject;
			attributes = {
				BuildIndependentTargetsInParallel = 1;
				LastSwiftUpdateCheck = 1500;
				LastUpgradeCheck = 1500;
				TargetAttributes = {
					672807332B0A719E00E3DCDC = {
						CreatedOnToolsVersion = 15.0.1;
					};
				};
			};
			buildConfigurationList = 6728072F2B0A719E00E3DCDC /* Build configuration list for PBXProject "Chat" */;
			compatibilityVersion = "Xcode 14.0";
			developmentRegion = en;
			hasScannedForEncodings = 0;
			knownRegions = (
				en,
				Base,
			);
			mainGroup = 6728072B2B0A719E00E3DCDC;
			packageReferences = (
				672807472B0A7B6C00E3DCDC /* XCRemoteSwiftPackageReference "firebase-ios-sdk" */,
			);
			productRefGroup = 672807352B0A719E00E3DCDC /* Products */;
			projectDirPath = "";
			projectRoot = "";
			targets = (
				672807332B0A719E00E3DCDC /* Chat */,
			);
		};
/* End PBXProject section */

/* Begin PBXResourcesBuildPhase section */
		672807322B0A719E00E3DCDC /* Resources */ = {
			isa = PBXResourcesBuildPhase;
			buildActionMask = 2147483647;
			files = (
				6728073F2B0A719F00E3DCDC /* Preview Assets.xcassets in Resources */,
				6728073C2B0A719F00E3DCDC /* Assets.xcassets in Resources */,
				672807462B0A7ADA00E3DCDC /* GoogleService-Info.plist in Resources */,
			);
			runOnlyForDeploymentPostprocessing = 0;
		};
/* End PBXResourcesBuildPhase section */

/* Begin PBXSourcesBuildPhase section */
		672807302B0A719E00E3DCDC /* Sources */ = {
			isa = PBXSourcesBuildPhase;
			buildActionMask = 2147483647;
			files = (
				672807812B0A7EC200E3DCDC /* ImagePicker.swift in Sources */,
				6728073A2B0A719E00E3DCDC /* LoginView.swift in Sources */,
				672807382B0A719E00E3DCDC /* ChatApp.swift in Sources */,
			);
			runOnlyForDeploymentPostprocessing = 0;
		};
/* End PBXSourcesBuildPhase section */

/* Begin XCBuildConfiguration section */
		672807402B0A719F00E3DCDC /* Debug */ = {
			isa = XCBuildConfiguration;
			buildSettings = {
				ALWAYS_SEARCH_USER_PATHS = NO;
				ASSETCATALOG_COMPILER_GENERATE_SWIFT_ASSET_SYMBOL_EXTENSIONS = YES;
				CLANG_ANALYZER_NONNULL = YES;
				CLANG_ANALYZER_NUMBER_OBJECT_CONVERSION = YES_AGGRESSIVE;
				CLANG_CXX_LANGUAGE_STANDARD = "gnu++20";
				CLANG_ENABLE_MODULES = YES;
				CLANG_ENABLE_OBJC_ARC = YES;
				CLANG_ENABLE_OBJC_WEAK = YES;
				CLANG_WARN_BLOCK_CAPTURE_AUTORELEASING = YES;
				CLANG_WARN_BOOL_CONVERSION = YES;
				CLANG_WARN_COMMA = YES;
				CLANG_WARN_CONSTANT_CONVERSION = YES;
				CLANG_WARN_DEPRECATED_OBJC_IMPLEMENTATIONS = YES;
				CLANG_WARN_DIRECT_OBJC_ISA_USAGE = YES_ERROR;
				CLANG_WARN_DOCUMENTATION_COMMENTS = YES;
				CLANG_WARN_EMPTY_BODY = YES;
				CLANG_WARN_ENUM_CONVERSION = YES;
				CLANG_WARN_INFINITE_RECURSION = YES;
				CLANG_WARN_INT_CONVERSION = YES;
				CLANG_WARN_NON_LITERAL_NULL_CONVERSION = YES;
				CLANG_WARN_OBJC_IMPLICIT_RETAIN_SELF = YES;
				CLANG_WARN_OBJC_LITERAL_CONVERSION = YES;
				CLANG_WARN_OBJC_ROOT_CLASS = YES_ERROR;
				CLANG_WARN_QUOTED_INCLUDE_IN_FRAMEWORK_HEADER = YES;
				CLANG_WARN_RANGE_LOOP_ANALYSIS = YES;
				CLANG_WARN_STRICT_PROTOTYPES = YES;
				CLANG_WARN_SUSPICIOUS_MOVE = YES;
				CLANG_WARN_UNGUARDED_AVAILABILITY = YES_AGGRESSIVE;
				CLANG_WARN_UNREACHABLE_CODE = YES;
				CLANG_WARN__DUPLICATE_METHOD_MATCH = YES;
				COPY_PHASE_STRIP = NO;
				DEBUG_INFORMATION_FORMAT = dwarf;
				ENABLE_STRICT_OBJC_MSGSEND = YES;
				ENABLE_TESTABILITY = YES;
				ENABLE_USER_SCRIPT_SANDBOXING = YES;
				GCC_C_LANGUAGE_STANDARD = gnu17;
				GCC_DYNAMIC_NO_PIC = NO;
				GCC_NO_COMMON_BLOCKS = YES;
				GCC_OPTIMIZATION_LEVEL = 0;
				GCC_PREPROCESSOR_DEFINITIONS = (
					"DEBUG=1",
					"$(inherited)",
				);
				GCC_WARN_64_TO_32_BIT_CONVERSION = YES;
				GCC_WARN_ABOUT_RETURN_TYPE = YES_ERROR;
				GCC_WARN_UNDECLARED_SELECTOR = YES;
				GCC_WARN_UNINITIALIZED_AUTOS = YES_AGGRESSIVE;
				GCC_WARN_UNUSED_FUNCTION = YES;
				GCC_WARN_UNUSED_VARIABLE = YES;
				IPHONEOS_DEPLOYMENT_TARGET = 17.0;
				LOCALIZATION_PREFERS_STRING_CATALOGS = YES;
				MTL_ENABLE_DEBUG_INFO = INCLUDE_SOURCE;
				MTL_FAST_MATH = YES;
				ONLY_ACTIVE_ARCH = YES;
				SDKROOT = iphoneos;
				SWIFT_ACTIVE_COMPILATION_CONDITIONS = "DEBUG $(inherited)";
				SWIFT_OPTIMIZATION_LEVEL = "-Onone";
			};
			name = Debug;
		};
		672807412B0A719F00E3DCDC /* Release */ = {
			isa = XCBuildConfiguration;
			buildSettings = {
				ALWAYS_SEARCH_USER_PATHS = NO;
				ASSETCATALOG_COMPILER_GENERATE_SWIFT_ASSET_SYMBOL_EXTENSIONS = YES;
				CLANG_ANALYZER_NONNULL = YES;
				CLANG_ANALYZER_NUMBER_OBJECT_CONVERSION = YES_AGGRESSIVE;
				CLANG_CXX_LANGUAGE_STANDARD = "gnu++20";
				CLANG_ENABLE_MODULES = YES;
				CLANG_ENABLE_OBJC_ARC = YES;
				CLANG_ENABLE_OBJC_WEAK = YES;
				CLANG_WARN_BLOCK_CAPTURE_AUTORELEASING = YES;
				CLANG_WARN_BOOL_CONVERSION = YES;
				CLANG_WARN_COMMA = YES;
				CLANG_WARN_CONSTANT_CONVERSION = YES;
				CLANG_WARN_DEPRECATED_OBJC_IMPLEMENTATIONS = YES;
				CLANG_WARN_DIRECT_OBJC_ISA_USAGE = YES_ERROR;
				CLANG_WARN_DOCUMENTATION_COMMENTS = YES;
				CLANG_WARN_EMPTY_BODY = YES;
				CLANG_WARN_ENUM_CONVERSION = YES;
				CLANG_WARN_INFINITE_RECURSION = YES;
				CLANG_WARN_INT_CONVERSION = YES;
				CLANG_WARN_NON_LITERAL_NULL_CONVERSION = YES;
				CLANG_WARN_OBJC_IMPLICIT_RETAIN_SELF = YES;
				CLANG_WARN_OBJC_LITERAL_CONVERSION = YES;
				CLANG_WARN_OBJC_ROOT_CLASS = YES_ERROR;
				CLANG_WARN_QUOTED_INCLUDE_IN_FRAMEWORK_HEADER = YES;
				CLANG_WARN_RANGE_LOOP_ANALYSIS = YES;
				CLANG_WARN_STRICT_PROTOTYPES = YES;
				CLANG_WARN_SUSPICIOUS_MOVE = YES;
				CLANG_WARN_UNGUARDED_AVAILABILITY = YES_AGGRESSIVE;
				CLANG_WARN_UNREACHABLE_CODE = YES;
				CLANG_WARN__DUPLICATE_METHOD_MATCH = YES;
				COPY_PHASE_STRIP = NO;
				DEBUG_INFORMATION_FORMAT = "dwarf-with-dsym";
				ENABLE_NS_ASSERTIONS = NO;
				ENABLE_STRICT_OBJC_MSGSEND = YES;
				ENABLE_USER_SCRIPT_SANDBOXING = YES;
				GCC_C_LANGUAGE_STANDARD = gnu17;
				GCC_NO_COMMON_BLOCKS = YES;
				GCC_WARN_64_TO_32_BIT_CONVERSION = YES;
				GCC_WARN_ABOUT_RETURN_TYPE = YES_ERROR;
				GCC_WARN_UNDECLARED_SELECTOR = YES;
				GCC_WARN_UNINITIALIZED_AUTOS = YES_AGGRESSIVE;
				GCC_WARN_UNUSED_FUNCTION = YES;
				GCC_WARN_UNUSED_VARIABLE = YES;
				IPHONEOS_DEPLOYMENT_TARGET = 17.0;
				LOCALIZATION_PREFERS_STRING_CATALOGS = YES;
				MTL_ENABLE_DEBUG_INFO = NO;
				MTL_FAST_MATH = YES;
				SDKROOT = iphoneos;
				SWIFT_COMPILATION_MODE = wholemodule;
				VALIDATE_PRODUCT = YES;
			};
			name = Release;
		};
		672807432B0A719F00E3DCDC /* Debug */ = {
			isa = XCBuildConfiguration;
			buildSettings = {
				ASSETCATALOG_COMPILER_APPICON_NAME = AppIcon;
				ASSETCATALOG_COMPILER_GLOBAL_ACCENT_COLOR_NAME = AccentColor;
				CODE_SIGN_STYLE = Automatic;
				CURRENT_PROJECT_VERSION = 1;
				DEVELOPMENT_ASSET_PATHS = "\"Chat/Preview Content\"";
				DEVELOPMENT_TEAM = 55B8HNX986;
				ENABLE_PREVIEWS = YES;
				GENERATE_INFOPLIST_FILE = YES;
				INFOPLIST_KEY_UIApplicationSceneManifest_Generation = YES;
				INFOPLIST_KEY_UIApplicationSupportsIndirectInputEvents = YES;
				INFOPLIST_KEY_UILaunchScreen_Generation = YES;
				INFOPLIST_KEY_UISupportedInterfaceOrientations_iPad = "UIInterfaceOrientationPortrait UIInterfaceOrientationPortraitUpsideDown UIInterfaceOrientationLandscapeLeft UIInterfaceOrientationLandscapeRight";
				INFOPLIST_KEY_UISupportedInterfaceOrientations_iPhone = "UIInterfaceOrientationPortrait UIInterfaceOrientationLandscapeLeft UIInterfaceOrientationLandscapeRight";
				LD_RUNPATH_SEARCH_PATHS = (
					"$(inherited)",
					"@executable_path/Frameworks",
				);
				MARKETING_VERSION = 1.0;
				PRODUCT_BUNDLE_IDENTIFIER = com.migliore.Chat;
				PRODUCT_NAME = "$(TARGET_NAME)";
				SWIFT_EMIT_LOC_STRINGS = YES;
				SWIFT_VERSION = 5.0;
				TARGETED_DEVICE_FAMILY = "1,2";
			};
			name = Debug;
		};
		672807442B0A719F00E3DCDC /* Release */ = {
			isa = XCBuildConfiguration;
			buildSettings = {
				ASSETCATALOG_COMPILER_APPICON_NAME = AppIcon;
				ASSETCATALOG_COMPILER_GLOBAL_ACCENT_COLOR_NAME = AccentColor;
				CODE_SIGN_STYLE = Automatic;
				CURRENT_PROJECT_VERSION = 1;
				DEVELOPMENT_ASSET_PATHS = "\"Chat/Preview Content\"";
				DEVELOPMENT_TEAM = 55B8HNX986;
				ENABLE_PREVIEWS = YES;
				GENERATE_INFOPLIST_FILE = YES;
				INFOPLIST_KEY_UIApplicationSceneManifest_Generation = YES;
				INFOPLIST_KEY_UIApplicationSupportsIndirectInputEvents = YES;
				INFOPLIST_KEY_UILaunchScreen_Generation = YES;
				INFOPLIST_KEY_UISupportedInterfaceOrientations_iPad = "UIInterfaceOrientationPortrait UIInterfaceOrientationPortraitUpsideDown UIInterfaceOrientationLandscapeLeft UIInterfaceOrientationLandscapeRight";
				INFOPLIST_KEY_UISupportedInterfaceOrientations_iPhone = "UIInterfaceOrientationPortrait UIInterfaceOrientationLandscapeLeft UIInterfaceOrientationLandscapeRight";
				LD_RUNPATH_SEARCH_PATHS = (
					"$(inherited)",
					"@executable_path/Frameworks",
				);
				MARKETING_VERSION = 1.0;
				PRODUCT_BUNDLE_IDENTIFIER = com.migliore.Chat;
				PRODUCT_NAME = "$(TARGET_NAME)";
				SWIFT_EMIT_LOC_STRINGS = YES;
				SWIFT_VERSION = 5.0;
				TARGETED_DEVICE_FAMILY = "1,2";
			};
			name = Release;
		};
/* End XCBuildConfiguration section */

/* Begin XCConfigurationList section */
		6728072F2B0A719E00E3DCDC /* Build configuration list for PBXProject "Chat" */ = {
			isa = XCConfigurationList;
			buildConfigurations = (
				672807402B0A719F00E3DCDC /* Debug */,
				672807412B0A719F00E3DCDC /* Release */,
			);
			defaultConfigurationIsVisible = 0;
			defaultConfigurationName = Release;
		};
		672807422B0A719F00E3DCDC /* Build configuration list for PBXNativeTarget "Chat" */ = {
			isa = XCConfigurationList;
			buildConfigurations = (
				672807432B0A719F00E3DCDC /* Debug */,
				672807442B0A719F00E3DCDC /* Release */,
			);
			defaultConfigurationIsVisible = 0;
			defaultConfigurationName = Release;
		};
/* End XCConfigurationList section */

/* Begin XCRemoteSwiftPackageReference section */
		672807472B0A7B6C00E3DCDC /* XCRemoteSwiftPackageReference "firebase-ios-sdk" */ = {
			isa = XCRemoteSwiftPackageReference;
			repositoryURL = "https://github.com/firebase/firebase-ios-sdk";
			requirement = {
				kind = upToNextMajorVersion;
				minimumVersion = 10.18.0;
			};
		};
/* End XCRemoteSwiftPackageReference section */

/* Begin XCSwiftPackageProductDependency section */
		672807482B0A7B6C00E3DCDC /* FirebaseAnalytics */ = {
			isa = XCSwiftPackageProductDependency;
			package = 672807472B0A7B6C00E3DCDC /* XCRemoteSwiftPackageReference "firebase-ios-sdk" */;
			productName = FirebaseAnalytics;
		};
		6728074A2B0A7B6C00E3DCDC /* FirebaseAnalyticsOnDeviceConversion */ = {
			isa = XCSwiftPackageProductDependency;
			package = 672807472B0A7B6C00E3DCDC /* XCRemoteSwiftPackageReference "firebase-ios-sdk" */;
			productName = FirebaseAnalyticsOnDeviceConversion;
		};
		6728074C2B0A7B6C00E3DCDC /* FirebaseAnalyticsSwift */ = {
			isa = XCSwiftPackageProductDependency;
			package = 672807472B0A7B6C00E3DCDC /* XCRemoteSwiftPackageReference "firebase-ios-sdk" */;
			productName = FirebaseAnalyticsSwift;
		};
		6728074E2B0A7B6C00E3DCDC /* FirebaseAnalyticsWithoutAdIdSupport */ = {
			isa = XCSwiftPackageProductDependency;
			package = 672807472B0A7B6C00E3DCDC /* XCRemoteSwiftPackageReference "firebase-ios-sdk" */;
			productName = FirebaseAnalyticsWithoutAdIdSupport;
		};
		672807502B0A7B6C00E3DCDC /* FirebaseAppCheck */ = {
			isa = XCSwiftPackageProductDependency;
			package = 672807472B0A7B6C00E3DCDC /* XCRemoteSwiftPackageReference "firebase-ios-sdk" */;
			productName = FirebaseAppCheck;
		};
		672807522B0A7B6C00E3DCDC /* FirebaseAppDistribution-Beta */ = {
			isa = XCSwiftPackageProductDependency;
			package = 672807472B0A7B6C00E3DCDC /* XCRemoteSwiftPackageReference "firebase-ios-sdk" */;
			productName = "FirebaseAppDistribution-Beta";
		};
		672807542B0A7B6C00E3DCDC /* FirebaseAuth */ = {
			isa = XCSwiftPackageProductDependency;
			package = 672807472B0A7B6C00E3DCDC /* XCRemoteSwiftPackageReference "firebase-ios-sdk" */;
			productName = FirebaseAuth;
		};
		672807562B0A7B6C00E3DCDC /* FirebaseAuthCombine-Community */ = {
			isa = XCSwiftPackageProductDependency;
			package = 672807472B0A7B6C00E3DCDC /* XCRemoteSwiftPackageReference "firebase-ios-sdk" */;
			productName = "FirebaseAuthCombine-Community";
		};
		672807582B0A7B6C00E3DCDC /* FirebaseCrashlytics */ = {
			isa = XCSwiftPackageProductDependency;
			package = 672807472B0A7B6C00E3DCDC /* XCRemoteSwiftPackageReference "firebase-ios-sdk" */;
			productName = FirebaseCrashlytics;
		};
		6728075A2B0A7B6C00E3DCDC /* FirebaseDatabase */ = {
			isa = XCSwiftPackageProductDependency;
			package = 672807472B0A7B6C00E3DCDC /* XCRemoteSwiftPackageReference "firebase-ios-sdk" */;
			productName = FirebaseDatabase;
		};
		6728075C2B0A7B6C00E3DCDC /* FirebaseDatabaseSwift */ = {
			isa = XCSwiftPackageProductDependency;
			package = 672807472B0A7B6C00E3DCDC /* XCRemoteSwiftPackageReference "firebase-ios-sdk" */;
			productName = FirebaseDatabaseSwift;
		};
		6728075E2B0A7B6C00E3DCDC /* FirebaseDynamicLinks */ = {
			isa = XCSwiftPackageProductDependency;
			package = 672807472B0A7B6C00E3DCDC /* XCRemoteSwiftPackageReference "firebase-ios-sdk" */;
			productName = FirebaseDynamicLinks;
		};
		672807602B0A7B6C00E3DCDC /* FirebaseFirestore */ = {
			isa = XCSwiftPackageProductDependency;
			package = 672807472B0A7B6C00E3DCDC /* XCRemoteSwiftPackageReference "firebase-ios-sdk" */;
			productName = FirebaseFirestore;
		};
		672807622B0A7B6C00E3DCDC /* FirebaseFirestoreCombine-Community */ = {
			isa = XCSwiftPackageProductDependency;
			package = 672807472B0A7B6C00E3DCDC /* XCRemoteSwiftPackageReference "firebase-ios-sdk" */;
			productName = "FirebaseFirestoreCombine-Community";
		};
		672807642B0A7B6C00E3DCDC /* FirebaseFirestoreSwift */ = {
			isa = XCSwiftPackageProductDependency;
			package = 672807472B0A7B6C00E3DCDC /* XCRemoteSwiftPackageReference "firebase-ios-sdk" */;
			productName = FirebaseFirestoreSwift;
		};
		672807662B0A7B6C00E3DCDC /* FirebaseFunctions */ = {
			isa = XCSwiftPackageProductDependency;
			package = 672807472B0A7B6C00E3DCDC /* XCRemoteSwiftPackageReference "firebase-ios-sdk" */;
			productName = FirebaseFunctions;
		};
		672807682B0A7B6C00E3DCDC /* FirebaseFunctionsCombine-Community */ = {
			isa = XCSwiftPackageProductDependency;
			package = 672807472B0A7B6C00E3DCDC /* XCRemoteSwiftPackageReference "firebase-ios-sdk" */;
			productName = "FirebaseFunctionsCombine-Community";
		};
		6728076A2B0A7B6C00E3DCDC /* FirebaseInAppMessaging-Beta */ = {
			isa = XCSwiftPackageProductDependency;
			package = 672807472B0A7B6C00E3DCDC /* XCRemoteSwiftPackageReference "firebase-ios-sdk" */;
			productName = "FirebaseInAppMessaging-Beta";
		};
		6728076C2B0A7B6C00E3DCDC /* FirebaseInAppMessagingSwift-Beta */ = {
			isa = XCSwiftPackageProductDependency;
			package = 672807472B0A7B6C00E3DCDC /* XCRemoteSwiftPackageReference "firebase-ios-sdk" */;
			productName = "FirebaseInAppMessagingSwift-Beta";
		};
		6728076E2B0A7B6C00E3DCDC /* FirebaseInstallations */ = {
			isa = XCSwiftPackageProductDependency;
			package = 672807472B0A7B6C00E3DCDC /* XCRemoteSwiftPackageReference "firebase-ios-sdk" */;
			productName = FirebaseInstallations;
		};
		672807702B0A7B6C00E3DCDC /* FirebaseMLModelDownloader */ = {
			isa = XCSwiftPackageProductDependency;
			package = 672807472B0A7B6C00E3DCDC /* XCRemoteSwiftPackageReference "firebase-ios-sdk" */;
			productName = FirebaseMLModelDownloader;
		};
		672807722B0A7B6C00E3DCDC /* FirebaseMessaging */ = {
			isa = XCSwiftPackageProductDependency;
			package = 672807472B0A7B6C00E3DCDC /* XCRemoteSwiftPackageReference "firebase-ios-sdk" */;
			productName = FirebaseMessaging;
		};
		672807742B0A7B6C00E3DCDC /* FirebasePerformance */ = {
			isa = XCSwiftPackageProductDependency;
			package = 672807472B0A7B6C00E3DCDC /* XCRemoteSwiftPackageReference "firebase-ios-sdk" */;
			productName = FirebasePerformance;
		};
		672807762B0A7B6C00E3DCDC /* FirebaseRemoteConfig */ = {
			isa = XCSwiftPackageProductDependency;
			package = 672807472B0A7B6C00E3DCDC /* XCRemoteSwiftPackageReference "firebase-ios-sdk" */;
			productName = FirebaseRemoteConfig;
		};
		672807782B0A7B6C00E3DCDC /* FirebaseRemoteConfigSwift */ = {
			isa = XCSwiftPackageProductDependency;
			package = 672807472B0A7B6C00E3DCDC /* XCRemoteSwiftPackageReference "firebase-ios-sdk" */;
			productName = FirebaseRemoteConfigSwift;
		};
		6728077A2B0A7B6C00E3DCDC /* FirebaseStorage */ = {
			isa = XCSwiftPackageProductDependency;
			package = 672807472B0A7B6C00E3DCDC /* XCRemoteSwiftPackageReference "firebase-ios-sdk" */;
			productName = FirebaseStorage;
		};
		6728077C2B0A7B6C00E3DCDC /* FirebaseStorageCombine-Community */ = {
			isa = XCSwiftPackageProductDependency;
			package = 672807472B0A7B6C00E3DCDC /* XCRemoteSwiftPackageReference "firebase-ios-sdk" */;
			productName = "FirebaseStorageCombine-Community";
		};
/* End XCSwiftPackageProductDependency section */
	};
	rootObject = 6728072C2B0A719E00E3DCDC /* Project object */;
}
